dependencies:
- name: metrics-server
  repository: https://kubernetes-sigs.github.io/metrics-server
  version: 3.12.1
- name: aws-load-balancer-controller
  repository: https://aws.github.io/eks-charts
  version: 1.8.2
digest: sha256:c5eeeeb36617b61ac888a9aa8dfed798e859926cdaaee6b8b2dbdde8714caaf5
generated: "2024-08-30T22:59:10.283627439-04:00"
