dependencies:
- name: metrics-server
  repository: https://kubernetes-sigs.github.io/metrics-server
  version: 3.12.1
- name: aws-load-balancer-controller
  repository: https://aws.github.io/eks-charts
  version: 1.8.2
- name: external-dns
  repository: https://kubernetes-sigs.github.io/external-dns/
  version: 1.14.5
digest: sha256:6594b7935125951c21b9ffda2502ddbc371cafe1a519b3f548ad972be33bfdc0
generated: "2024-09-04T23:49:18.196307831-04:00"
